// !$*UTF8*$!
{
	archiveVersion = 1;
	classes = {
	};
	objectVersion = 46;
	objects = {

/* Begin PBXBuildFile section */
		05190D671B482AC8002F52F5 /* Crypt.swift in Sources */ = {isa = PBXBuildFile; fileRef = 05190D661B482AC8002F52F5 /* Crypt.swift */; };
		05190D711B482AE4002F52F5 /* AppDelegate.swift in Sources */ = {isa = PBXBuildFile; fileRef = 05190D681B482AE4002F52F5 /* AppDelegate.swift */; };
		05190D741B482AE4002F52F5 /* Http.swift in Sources */ = {isa = PBXBuildFile; fileRef = 05190D6B1B482AE4002F52F5 /* Http.swift */; };
		05190D751B482AE4002F52F5 /* Login.swift in Sources */ = {isa = PBXBuildFile; fileRef = 05190D6C1B482AE4002F52F5 /* Login.swift */; };
		05190D771B482AE4002F52F5 /* Rest.swift in Sources */ = {isa = PBXBuildFile; fileRef = 05190D6E1B482AE4002F52F5 /* Rest.swift */; };
		05190D781B482AE4002F52F5 /* Roster.swift in Sources */ = {isa = PBXBuildFile; fileRef = 05190D6F1B482AE4002F52F5 /* Roster.swift */; };
		05190D791B482AE4002F52F5 /* Util.swift in Sources */ = {isa = PBXBuildFile; fileRef = 05190D701B482AE4002F52F5 /* Util.swift */; };
		053D91A91B48D7C800560B7F /* Locksmith.swift in Sources */ = {isa = PBXBuildFile; fileRef = 053D91A81B48D7C800560B7F /* Locksmith.swift */; };
		053D91AB1B48D7DE00560B7F /* LocksmithRequest.swift in Sources */ = {isa = PBXBuildFile; fileRef = 053D91AA1B48D7DE00560B7F /* LocksmithRequest.swift */; };
		054FD2451B578F640027C2DF /* Rest.swift in Sources */ = {isa = PBXBuildFile; fileRef = 05190D6E1B482AE4002F52F5 /* Rest.swift */; };
		054FD2461B578F760027C2DF /* Roster.swift in Sources */ = {isa = PBXBuildFile; fileRef = 05190D6F1B482AE4002F52F5 /* Roster.swift */; };
		054FD2471B578F7B0027C2DF /* Http.swift in Sources */ = {isa = PBXBuildFile; fileRef = 05190D6B1B482AE4002F52F5 /* Http.swift */; };
		054FD2481B578F7F0027C2DF /* Locksmith.swift in Sources */ = {isa = PBXBuildFile; fileRef = 053D91A81B48D7C800560B7F /* Locksmith.swift */; };
		054FD2491B578F840027C2DF /* LocksmithRequest.swift in Sources */ = {isa = PBXBuildFile; fileRef = 053D91AA1B48D7DE00560B7F /* LocksmithRequest.swift */; };
		054FD24A1B578F880027C2DF /* Util.swift in Sources */ = {isa = PBXBuildFile; fileRef = 05190D701B482AE4002F52F5 /* Util.swift */; };
		054FD24C1B578F900027C2DF /* Crypt.swift in Sources */ = {isa = PBXBuildFile; fileRef = 05190D661B482AC8002F52F5 /* Crypt.swift */; };
		058B29B51B4731910069C2D4 /* MasterViewController.swift in Sources */ = {isa = PBXBuildFile; fileRef = 058B29B41B4731910069C2D4 /* MasterViewController.swift */; };
		058B29B71B4731910069C2D4 /* DetailViewController.swift in Sources */ = {isa = PBXBuildFile; fileRef = 058B29B61B4731910069C2D4 /* DetailViewController.swift */; };
		058B29BA1B4731910069C2D4 /* Main.storyboard in Resources */ = {isa = PBXBuildFile; fileRef = 058B29B81B4731910069C2D4 /* Main.storyboard */; };
		058B29BC1B4731910069C2D4 /* Assets.xcassets in Resources */ = {isa = PBXBuildFile; fileRef = 058B29BB1B4731910069C2D4 /* Assets.xcassets */; };
		058B29BF1B4731910069C2D4 /* LaunchScreen.storyboard in Resources */ = {isa = PBXBuildFile; fileRef = 058B29BD1B4731910069C2D4 /* LaunchScreen.storyboard */; };
		05AA2CED1B589E6600AF8199 /* LoginPrompt.swift in Sources */ = {isa = PBXBuildFile; fileRef = 05AA2CEC1B589E6600AF8199 /* LoginPrompt.swift */; };
		05AA2CEF1B589F1200AF8199 /* LoginPrompt.xib in Resources */ = {isa = PBXBuildFile; fileRef = 05AA2CEE1B589F1200AF8199 /* LoginPrompt.xib */; };
		05B4B7E41B58070D00385451 /* Login.swift in Sources */ = {isa = PBXBuildFile; fileRef = 05190D6C1B482AE4002F52F5 /* Login.swift */; };
		05D390391B56A6E600989EBE /* AppDelegate.swift in Sources */ = {isa = PBXBuildFile; fileRef = 05D390381B56A6E600989EBE /* AppDelegate.swift */; };
		05D3903B1B56A6E600989EBE /* ViewController.swift in Sources */ = {isa = PBXBuildFile; fileRef = 05D3903A1B56A6E600989EBE /* ViewController.swift */; };
		05D3903D1B56A6E600989EBE /* Assets.xcassets in Resources */ = {isa = PBXBuildFile; fileRef = 05D3903C1B56A6E600989EBE /* Assets.xcassets */; };
		05D390401B56A6E600989EBE /* Main.storyboard in Resources */ = {isa = PBXBuildFile; fileRef = 05D3903E1B56A6E600989EBE /* Main.storyboard */; };
		BE655DB8BEEC214B79D140D8 /* libPods.a in Frameworks */ = {isa = PBXBuildFile; fileRef = D215595CAF296F55D429E692 /* libPods.a */; };
/* End PBXBuildFile section */

/* Begin PBXFileReference section */
		05190D661B482AC8002F52F5 /* Crypt.swift */ = {isa = PBXFileReference; fileEncoding = 4; lastKnownFileType = sourcecode.swift; path = Crypt.swift; sourceTree = "<group>"; };
		05190D681B482AE4002F52F5 /* AppDelegate.swift */ = {isa = PBXFileReference; fileEncoding = 4; lastKnownFileType = sourcecode.swift; path = AppDelegate.swift; sourceTree = "<group>"; };
		05190D6B1B482AE4002F52F5 /* Http.swift */ = {isa = PBXFileReference; fileEncoding = 4; lastKnownFileType = sourcecode.swift; path = Http.swift; sourceTree = "<group>"; };
		05190D6C1B482AE4002F52F5 /* Login.swift */ = {isa = PBXFileReference; fileEncoding = 4; lastKnownFileType = sourcecode.swift; path = Login.swift; sourceTree = "<group>"; };
		05190D6E1B482AE4002F52F5 /* Rest.swift */ = {isa = PBXFileReference; fileEncoding = 4; lastKnownFileType = sourcecode.swift; path = Rest.swift; sourceTree = "<group>"; };
		05190D6F1B482AE4002F52F5 /* Roster.swift */ = {isa = PBXFileReference; fileEncoding = 4; lastKnownFileType = sourcecode.swift; path = Roster.swift; sourceTree = "<group>"; };
		05190D701B482AE4002F52F5 /* Util.swift */ = {isa = PBXFileReference; fileEncoding = 4; lastKnownFileType = sourcecode.swift; path = Util.swift; sourceTree = "<group>"; };
		05190D7B1B4832E9002F52F5 /* CK-Bridging-Header.h */ = {isa = PBXFileReference; lastKnownFileType = sourcecode.c.h; path = "CK-Bridging-Header.h"; sourceTree = "<group>"; };
		053D91A81B48D7C800560B7F /* Locksmith.swift */ = {isa = PBXFileReference; fileEncoding = 4; lastKnownFileType = sourcecode.swift; path = Locksmith.swift; sourceTree = "<group>"; };
		053D91AA1B48D7DE00560B7F /* LocksmithRequest.swift */ = {isa = PBXFileReference; fileEncoding = 4; lastKnownFileType = sourcecode.swift; path = LocksmithRequest.swift; sourceTree = "<group>"; };
		058B29AF1B4731910069C2D4 /* ClearKeep.app */ = {isa = PBXFileReference; explicitFileType = wrapper.application; includeInIndex = 0; path = ClearKeep.app; sourceTree = BUILT_PRODUCTS_DIR; };
		058B29B41B4731910069C2D4 /* MasterViewController.swift */ = {isa = PBXFileReference; lastKnownFileType = sourcecode.swift; path = MasterViewController.swift; sourceTree = "<group>"; };
		058B29B61B4731910069C2D4 /* DetailViewController.swift */ = {isa = PBXFileReference; lastKnownFileType = sourcecode.swift; path = DetailViewController.swift; sourceTree = "<group>"; };
		058B29B91B4731910069C2D4 /* Base */ = {isa = PBXFileReference; lastKnownFileType = file.storyboard; name = Base; path = Base.lproj/Main.storyboard; sourceTree = "<group>"; };
		058B29BB1B4731910069C2D4 /* Assets.xcassets */ = {isa = PBXFileReference; lastKnownFileType = folder.assetcatalog; path = Assets.xcassets; sourceTree = "<group>"; };
		058B29BE1B4731910069C2D4 /* Base */ = {isa = PBXFileReference; lastKnownFileType = file.storyboard; name = Base; path = Base.lproj/LaunchScreen.storyboard; sourceTree = "<group>"; };
		058B29C01B4731910069C2D4 /* Info.plist */ = {isa = PBXFileReference; lastKnownFileType = text.plist.xml; path = Info.plist; sourceTree = "<group>"; };
		05AA2CEC1B589E6600AF8199 /* LoginPrompt.swift */ = {isa = PBXFileReference; fileEncoding = 4; lastKnownFileType = sourcecode.swift; path = LoginPrompt.swift; sourceTree = "<group>"; };
		05AA2CEE1B589F1200AF8199 /* LoginPrompt.xib */ = {isa = PBXFileReference; fileEncoding = 4; lastKnownFileType = file.xib; path = LoginPrompt.xib; sourceTree = "<group>"; };
		05D390361B56A6E600989EBE /* ClearKeep.app */ = {isa = PBXFileReference; explicitFileType = wrapper.application; includeInIndex = 0; path = ClearKeep.app; sourceTree = BUILT_PRODUCTS_DIR; };
		05D390381B56A6E600989EBE /* AppDelegate.swift */ = {isa = PBXFileReference; lastKnownFileType = sourcecode.swift; path = AppDelegate.swift; sourceTree = "<group>"; };
		05D3903A1B56A6E600989EBE /* ViewController.swift */ = {isa = PBXFileReference; lastKnownFileType = sourcecode.swift; path = ViewController.swift; sourceTree = "<group>"; };
		05D3903C1B56A6E600989EBE /* Assets.xcassets */ = {isa = PBXFileReference; lastKnownFileType = folder.assetcatalog; path = Assets.xcassets; sourceTree = "<group>"; };
		05D3903F1B56A6E600989EBE /* Base */ = {isa = PBXFileReference; lastKnownFileType = file.storyboard; name = Base; path = Base.lproj/Main.storyboard; sourceTree = "<group>"; };
		05D390411B56A6E600989EBE /* Info.plist */ = {isa = PBXFileReference; lastKnownFileType = text.plist.xml; path = Info.plist; sourceTree = "<group>"; };
		7FA8681EB2135D70A5F9C9C4 /* Pods.release.xcconfig */ = {isa = PBXFileReference; includeInIndex = 1; lastKnownFileType = text.xcconfig; name = Pods.release.xcconfig; path = "Pods/Target Support Files/Pods/Pods.release.xcconfig"; sourceTree = "<group>"; };
		D215595CAF296F55D429E692 /* libPods.a */ = {isa = PBXFileReference; explicitFileType = archive.ar; includeInIndex = 0; path = libPods.a; sourceTree = BUILT_PRODUCTS_DIR; };
		E6ABC6ACD3A0D1F0EC0814C4 /* Pods.debug.xcconfig */ = {isa = PBXFileReference; includeInIndex = 1; lastKnownFileType = text.xcconfig; name = Pods.debug.xcconfig; path = "Pods/Target Support Files/Pods/Pods.debug.xcconfig"; sourceTree = "<group>"; };
/* End PBXFileReference section */

/* Begin PBXFrameworksBuildPhase section */
		058B29AC1B4731910069C2D4 /* Frameworks */ = {
			isa = PBXFrameworksBuildPhase;
			buildActionMask = 2147483647;
			files = (
				BE655DB8BEEC214B79D140D8 /* libPods.a in Frameworks */,
			);
			runOnlyForDeploymentPostprocessing = 0;
		};
		05D390331B56A6E600989EBE /* Frameworks */ = {
			isa = PBXFrameworksBuildPhase;
			buildActionMask = 2147483647;
			files = (
			);
			runOnlyForDeploymentPostprocessing = 0;
		};
/* End PBXFrameworksBuildPhase section */

/* Begin PBXGroup section */
		058B29A61B4731910069C2D4 = {
			isa = PBXGroup;
			children = (
				05D390461B56A88A00989EBE /* source */,
				058B29B01B4731910069C2D4 /* Products */,
				107B17D5A302AB3A875A65F6 /* Pods */,
				C3DED78BCAEA1A64227094D1 /* Frameworks */,
			);
			sourceTree = "<group>";
		};
		058B29B01B4731910069C2D4 /* Products */ = {
			isa = PBXGroup;
			children = (
				058B29AF1B4731910069C2D4 /* ClearKeep.app */,
				05D390361B56A6E600989EBE /* ClearKeep.app */,
			);
			name = Products;
			sourceTree = "<group>";
		};
		058B29B11B4731910069C2D4 /* ios */ = {
			isa = PBXGroup;
			children = (
				05190D681B482AE4002F52F5 /* AppDelegate.swift */,
				058B29B61B4731910069C2D4 /* DetailViewController.swift */,
				058B29B41B4731910069C2D4 /* MasterViewController.swift */,
				058B29BD1B4731910069C2D4 /* LaunchScreen.storyboard */,
				058B29B81B4731910069C2D4 /* Main.storyboard */,
				058B29BB1B4731910069C2D4 /* Assets.xcassets */,
				058B29C01B4731910069C2D4 /* Info.plist */,
			);
			name = ios;
			path = chat;
			sourceTree = "<group>";
		};
		05D390371B56A6E600989EBE /* mac */ = {
			isa = PBXGroup;
			children = (
				05D390381B56A6E600989EBE /* AppDelegate.swift */,
				05AA2CEC1B589E6600AF8199 /* LoginPrompt.swift */,
				05D3903A1B56A6E600989EBE /* ViewController.swift */,
				05D3903C1B56A6E600989EBE /* Assets.xcassets */,
				05D390411B56A6E600989EBE /* Info.plist */,
				05D3903E1B56A6E600989EBE /* Main.storyboard */,
				05AA2CEE1B589F1200AF8199 /* LoginPrompt.xib */,
			);
			path = mac;
			sourceTree = "<group>";
		};
		05D390451B56A80400989EBE /* shared */ = {
			isa = PBXGroup;
			children = (
				05190D661B482AC8002F52F5 /* Crypt.swift */,
				05190D6B1B482AE4002F52F5 /* Http.swift */,
				05190D6C1B482AE4002F52F5 /* Login.swift */,
				053D91A81B48D7C800560B7F /* Locksmith.swift */,
				053D91AA1B48D7DE00560B7F /* LocksmithRequest.swift */,
				05190D6E1B482AE4002F52F5 /* Rest.swift */,
				05190D6F1B482AE4002F52F5 /* Roster.swift */,
				05190D701B482AE4002F52F5 /* Util.swift */,
				05190D7B1B4832E9002F52F5 /* CK-Bridging-Header.h */,
			);
			name = shared;
			path = chat;
			sourceTree = "<group>";
		};
		05D390461B56A88A00989EBE /* source */ = {
			isa = PBXGroup;
			children = (
				058B29B11B4731910069C2D4 /* ios */,
				05D390371B56A6E600989EBE /* mac */,
				05D390451B56A80400989EBE /* shared */,
			);
			name = source;
			sourceTree = "<group>";
		};
		107B17D5A302AB3A875A65F6 /* Pods */ = {
			isa = PBXGroup;
			children = (
				E6ABC6ACD3A0D1F0EC0814C4 /* Pods.debug.xcconfig */,
				7FA8681EB2135D70A5F9C9C4 /* Pods.release.xcconfig */,
			);
			name = Pods;
			sourceTree = "<group>";
		};
		C3DED78BCAEA1A64227094D1 /* Frameworks */ = {
			isa = PBXGroup;
			children = (
				D215595CAF296F55D429E692 /* libPods.a */,
			);
			name = Frameworks;
			sourceTree = "<group>";
		};
/* End PBXGroup section */

/* Begin PBXNativeTarget section */
		058B29AE1B4731910069C2D4 /* iOS */ = {
			isa = PBXNativeTarget;
			buildConfigurationList = 058B29C31B4731910069C2D4 /* Build configuration list for PBXNativeTarget "iOS" */;
			buildPhases = (
				106C4B572306EDD72479C11C /* Check Pods Manifest.lock */,
				058B29AB1B4731910069C2D4 /* Sources */,
				058B29AC1B4731910069C2D4 /* Frameworks */,
				058B29AD1B4731910069C2D4 /* Resources */,
				9980B65858BF6A3CBE603F0B /* Copy Pods Resources */,
			);
			buildRules = (
			);
			dependencies = (
			);
			name = iOS;
			productName = chat;
			productReference = 058B29AF1B4731910069C2D4 /* ClearKeep.app */;
			productType = "com.apple.product-type.application";
		};
		05D390351B56A6E600989EBE /* ClearKeep */ = {
			isa = PBXNativeTarget;
			buildConfigurationList = 05D390441B56A6E600989EBE /* Build configuration list for PBXNativeTarget "ClearKeep" */;
			buildPhases = (
				05D390321B56A6E600989EBE /* Sources */,
				05D390331B56A6E600989EBE /* Frameworks */,
				05D390341B56A6E600989EBE /* Resources */,
			);
			buildRules = (
			);
			dependencies = (
			);
			name = ClearKeep;
			productName = mac;
			productReference = 05D390361B56A6E600989EBE /* ClearKeep.app */;
			productType = "com.apple.product-type.application";
		};
/* End PBXNativeTarget section */

/* Begin PBXProject section */
		058B29A71B4731910069C2D4 /* Project object */ = {
			isa = PBXProject;
			attributes = {
				LastSwiftUpdateCheck = 0700;
				LastUpgradeCheck = 0700;
				ORGANIZATIONNAME = ck;
				TargetAttributes = {
					058B29AE1B4731910069C2D4 = {
						CreatedOnToolsVersion = 7.0;
					};
					05D390351B56A6E600989EBE = {
						CreatedOnToolsVersion = 7.0;
					};
				};
			};
			buildConfigurationList = 058B29AA1B4731910069C2D4 /* Build configuration list for PBXProject "ClearKeep" */;
			compatibilityVersion = "Xcode 3.2";
			developmentRegion = English;
			hasScannedForEncodings = 0;
			knownRegions = (
				en,
				Base,
			);
			mainGroup = 058B29A61B4731910069C2D4;
			productRefGroup = 058B29B01B4731910069C2D4 /* Products */;
			projectDirPath = "";
			projectRoot = "";
			targets = (
				058B29AE1B4731910069C2D4 /* iOS */,
				05D390351B56A6E600989EBE /* ClearKeep */,
			);
		};
/* End PBXProject section */

/* Begin PBXResourcesBuildPhase section */
		058B29AD1B4731910069C2D4 /* Resources */ = {
			isa = PBXResourcesBuildPhase;
			buildActionMask = 2147483647;
			files = (
				058B29BF1B4731910069C2D4 /* LaunchScreen.storyboard in Resources */,
				058B29BC1B4731910069C2D4 /* Assets.xcassets in Resources */,
				058B29BA1B4731910069C2D4 /* Main.storyboard in Resources */,
			);
			runOnlyForDeploymentPostprocessing = 0;
		};
		05D390341B56A6E600989EBE /* Resources */ = {
			isa = PBXResourcesBuildPhase;
			buildActionMask = 2147483647;
			files = (
				05D3903D1B56A6E600989EBE /* Assets.xcassets in Resources */,
				05AA2CEF1B589F1200AF8199 /* LoginPrompt.xib in Resources */,
				05D390401B56A6E600989EBE /* Main.storyboard in Resources */,
			);
			runOnlyForDeploymentPostprocessing = 0;
		};
/* End PBXResourcesBuildPhase section */

/* Begin PBXShellScriptBuildPhase section */
		106C4B572306EDD72479C11C /* Check Pods Manifest.lock */ = {
			isa = PBXShellScriptBuildPhase;
			buildActionMask = 2147483647;
			files = (
			);
			inputPaths = (
			);
			name = "Check Pods Manifest.lock";
			outputPaths = (
			);
			runOnlyForDeploymentPostprocessing = 0;
			shellPath = /bin/sh;
			shellScript = "diff \"${PODS_ROOT}/../Podfile.lock\" \"${PODS_ROOT}/Manifest.lock\" > /dev/null\nif [[ $? != 0 ]] ; then\n    cat << EOM\nerror: The sandbox is not in sync with the Podfile.lock. Run 'pod install' or update your CocoaPods installation.\nEOM\n    exit 1\nfi\n";
			showEnvVarsInLog = 0;
		};
		9980B65858BF6A3CBE603F0B /* Copy Pods Resources */ = {
			isa = PBXShellScriptBuildPhase;
			buildActionMask = 2147483647;
			files = (
			);
			inputPaths = (
			);
			name = "Copy Pods Resources";
			outputPaths = (
			);
			runOnlyForDeploymentPostprocessing = 0;
			shellPath = /bin/sh;
			shellScript = "\"${SRCROOT}/Pods/Target Support Files/Pods/Pods-resources.sh\"\n";
			showEnvVarsInLog = 0;
		};
/* End PBXShellScriptBuildPhase section */

/* Begin PBXSourcesBuildPhase section */
		058B29AB1B4731910069C2D4 /* Sources */ = {
			isa = PBXSourcesBuildPhase;
			buildActionMask = 2147483647;
			files = (
				053D91A91B48D7C800560B7F /* Locksmith.swift in Sources */,
				05190D671B482AC8002F52F5 /* Crypt.swift in Sources */,
				05190D781B482AE4002F52F5 /* Roster.swift in Sources */,
				058B29B71B4731910069C2D4 /* DetailViewController.swift in Sources */,
				053D91AB1B48D7DE00560B7F /* LocksmithRequest.swift in Sources */,
				058B29B51B4731910069C2D4 /* MasterViewController.swift in Sources */,
				05190D711B482AE4002F52F5 /* AppDelegate.swift in Sources */,
				05190D791B482AE4002F52F5 /* Util.swift in Sources */,
				05190D771B482AE4002F52F5 /* Rest.swift in Sources */,
				05190D741B482AE4002F52F5 /* Http.swift in Sources */,
				05190D751B482AE4002F52F5 /* Login.swift in Sources */,
			);
			runOnlyForDeploymentPostprocessing = 0;
		};
		05D390321B56A6E600989EBE /* Sources */ = {
			isa = PBXSourcesBuildPhase;
			buildActionMask = 2147483647;
			files = (
				05AA2CED1B589E6600AF8199 /* LoginPrompt.swift in Sources */,
				05B4B7E41B58070D00385451 /* Login.swift in Sources */,
				054FD24C1B578F900027C2DF /* Crypt.swift in Sources */,
				054FD24A1B578F880027C2DF /* Util.swift in Sources */,
				054FD2491B578F840027C2DF /* LocksmithRequest.swift in Sources */,
				054FD2481B578F7F0027C2DF /* Locksmith.swift in Sources */,
				054FD2471B578F7B0027C2DF /* Http.swift in Sources */,
				054FD2461B578F760027C2DF /* Roster.swift in Sources */,
				054FD2451B578F640027C2DF /* Rest.swift in Sources */,
				05D3903B1B56A6E600989EBE /* ViewController.swift in Sources */,
				05D390391B56A6E600989EBE /* AppDelegate.swift in Sources */,
			);
			runOnlyForDeploymentPostprocessing = 0;
		};
/* End PBXSourcesBuildPhase section */

/* Begin PBXVariantGroup section */
		058B29B81B4731910069C2D4 /* Main.storyboard */ = {
			isa = PBXVariantGroup;
			children = (
				058B29B91B4731910069C2D4 /* Base */,
			);
			name = Main.storyboard;
			sourceTree = "<group>";
		};
		058B29BD1B4731910069C2D4 /* LaunchScreen.storyboard */ = {
			isa = PBXVariantGroup;
			children = (
				058B29BE1B4731910069C2D4 /* Base */,
			);
			name = LaunchScreen.storyboard;
			sourceTree = "<group>";
		};
		05D3903E1B56A6E600989EBE /* Main.storyboard */ = {
			isa = PBXVariantGroup;
			children = (
				05D3903F1B56A6E600989EBE /* Base */,
			);
			name = Main.storyboard;
			sourceTree = "<group>";
		};
/* End PBXVariantGroup section */

/* Begin XCBuildConfiguration section */
		058B29C11B4731910069C2D4 /* Debug */ = {
			isa = XCBuildConfiguration;
			buildSettings = {
				ALWAYS_SEARCH_USER_PATHS = NO;
				CLANG_CXX_LANGUAGE_STANDARD = "gnu++0x";
				CLANG_CXX_LIBRARY = "libc++";
				CLANG_ENABLE_MODULES = YES;
				CLANG_ENABLE_OBJC_ARC = YES;
				CLANG_WARN_BOOL_CONVERSION = YES;
				CLANG_WARN_CONSTANT_CONVERSION = YES;
				CLANG_WARN_DIRECT_OBJC_ISA_USAGE = YES_ERROR;
				CLANG_WARN_EMPTY_BODY = YES;
				CLANG_WARN_ENUM_CONVERSION = YES;
				CLANG_WARN_INT_CONVERSION = YES;
				CLANG_WARN_OBJC_ROOT_CLASS = YES_ERROR;
				CLANG_WARN_UNREACHABLE_CODE = YES;
				CLANG_WARN__DUPLICATE_METHOD_MATCH = YES;
				"CODE_SIGN_IDENTITY[sdk=iphoneos*]" = "iPhone Developer";
				COPY_PHASE_STRIP = NO;
				DEBUG_INFORMATION_FORMAT = dwarf;
				ENABLE_STRICT_OBJC_MSGSEND = YES;
				ENABLE_TESTABILITY = YES;
				GCC_C_LANGUAGE_STANDARD = gnu99;
				GCC_DYNAMIC_NO_PIC = NO;
				GCC_NO_COMMON_BLOCKS = YES;
				GCC_OPTIMIZATION_LEVEL = 0;
				GCC_PREPROCESSOR_DEFINITIONS = (
					"DEBUG=1",
					"$(inherited)",
				);
				GCC_WARN_64_TO_32_BIT_CONVERSION = YES;
				GCC_WARN_ABOUT_RETURN_TYPE = YES_ERROR;
				GCC_WARN_UNDECLARED_SELECTOR = YES;
				GCC_WARN_UNINITIALIZED_AUTOS = YES_AGGRESSIVE;
				GCC_WARN_UNUSED_FUNCTION = YES;
				GCC_WARN_UNUSED_VARIABLE = YES;
				IPHONEOS_DEPLOYMENT_TARGET = 9.0;
				MTL_ENABLE_DEBUG_INFO = YES;
				ONLY_ACTIVE_ARCH = YES;
				SDKROOT = iphoneos;
				SWIFT_OPTIMIZATION_LEVEL = "-Onone";
				TARGETED_DEVICE_FAMILY = "1,2";
			};
			name = Debug;
		};
		058B29C21B4731910069C2D4 /* Release */ = {
			isa = XCBuildConfiguration;
			buildSettings = {
				ALWAYS_SEARCH_USER_PATHS = NO;
				CLANG_CXX_LANGUAGE_STANDARD = "gnu++0x";
				CLANG_CXX_LIBRARY = "libc++";
				CLANG_ENABLE_MODULES = YES;
				CLANG_ENABLE_OBJC_ARC = YES;
				CLANG_WARN_BOOL_CONVERSION = YES;
				CLANG_WARN_CONSTANT_CONVERSION = YES;
				CLANG_WARN_DIRECT_OBJC_ISA_USAGE = YES_ERROR;
				CLANG_WARN_EMPTY_BODY = YES;
				CLANG_WARN_ENUM_CONVERSION = YES;
				CLANG_WARN_INT_CONVERSION = YES;
				CLANG_WARN_OBJC_ROOT_CLASS = YES_ERROR;
				CLANG_WARN_UNREACHABLE_CODE = YES;
				CLANG_WARN__DUPLICATE_METHOD_MATCH = YES;
				"CODE_SIGN_IDENTITY[sdk=iphoneos*]" = "iPhone Developer";
				COPY_PHASE_STRIP = NO;
				DEBUG_INFORMATION_FORMAT = "dwarf-with-dsym";
				ENABLE_NS_ASSERTIONS = NO;
				ENABLE_STRICT_OBJC_MSGSEND = YES;
				GCC_C_LANGUAGE_STANDARD = gnu99;
				GCC_NO_COMMON_BLOCKS = YES;
				GCC_WARN_64_TO_32_BIT_CONVERSION = YES;
				GCC_WARN_ABOUT_RETURN_TYPE = YES_ERROR;
				GCC_WARN_UNDECLARED_SELECTOR = YES;
				GCC_WARN_UNINITIALIZED_AUTOS = YES_AGGRESSIVE;
				GCC_WARN_UNUSED_FUNCTION = YES;
				GCC_WARN_UNUSED_VARIABLE = YES;
				IPHONEOS_DEPLOYMENT_TARGET = 9.0;
				MTL_ENABLE_DEBUG_INFO = NO;
				SDKROOT = iphoneos;
				TARGETED_DEVICE_FAMILY = "1,2";
				VALIDATE_PRODUCT = YES;
			};
			name = Release;
		};
		058B29C41B4731910069C2D4 /* Debug */ = {
			isa = XCBuildConfiguration;
			baseConfigurationReference = E6ABC6ACD3A0D1F0EC0814C4 /* Pods.debug.xcconfig */;
			buildSettings = {
				ASSETCATALOG_COMPILER_APPICON_NAME = AppIcon;
				CODE_SIGN_IDENTITY = "iPhone Developer: Joseph Saib (8WFNFW7BBS)";
				INFOPLIST_FILE = chat/Info.plist;
				LD_RUNPATH_SEARCH_PATHS = "$(inherited) @executable_path/Frameworks";
				PRODUCT_BUNDLE_IDENTIFIER = ck.chat;
				PRODUCT_NAME = ClearKeep;
				PROVISIONING_PROFILE = "2ecd625e-d4ea-4b7d-88fe-eabce75d9093";
				SWIFT_OBJC_BRIDGING_HEADER = "chat/CK-Bridging-Header.h";
			};
			name = Debug;
		};
		058B29C51B4731910069C2D4 /* Release */ = {
			isa = XCBuildConfiguration;
			baseConfigurationReference = 7FA8681EB2135D70A5F9C9C4 /* Pods.release.xcconfig */;
			buildSettings = {
				ASSETCATALOG_COMPILER_APPICON_NAME = AppIcon;
				CODE_SIGN_IDENTITY = "iPhone Developer: Joseph Saib (8WFNFW7BBS)";
				INFOPLIST_FILE = chat/Info.plist;
				LD_RUNPATH_SEARCH_PATHS = "$(inherited) @executable_path/Frameworks";
				PRODUCT_BUNDLE_IDENTIFIER = ck.chat;
				PRODUCT_NAME = ClearKeep;
				PROVISIONING_PROFILE = "2ecd625e-d4ea-4b7d-88fe-eabce75d9093";
				SWIFT_OBJC_BRIDGING_HEADER = "chat/CK-Bridging-Header.h";
			};
			name = Release;
		};
		05D390421B56A6E600989EBE /* Debug */ = {
			isa = XCBuildConfiguration;
			buildSettings = {
				ASSETCATALOG_COMPILER_APPICON_NAME = AppIcon;
				CODE_SIGN_IDENTITY = "-";
				COMBINE_HIDPI_IMAGES = YES;
				INFOPLIST_FILE = mac/Info.plist;
				LD_RUNPATH_SEARCH_PATHS = "$(inherited) @executable_path/../Frameworks";
				MACOSX_DEPLOYMENT_TARGET = 10.10;
				PRODUCT_BUNDLE_IDENTIFIER = ck.mac;
				PRODUCT_NAME = "$(TARGET_NAME)";
				SDKROOT = macosx;
				SWIFT_OBJC_BRIDGING_HEADER = "chat/CK-Bridging-Header.h";
			};
			name = Debug;
		};
		05D390431B56A6E600989EBE /* Release */ = {
			isa = XCBuildConfiguration;
			buildSettings = {
				ASSETCATALOG_COMPILER_APPICON_NAME = AppIcon;
				CODE_SIGN_IDENTITY = "-";
				COMBINE_HIDPI_IMAGES = YES;
				INFOPLIST_FILE = mac/Info.plist;
				LD_RUNPATH_SEARCH_PATHS = "$(inherited) @executable_path/../Frameworks";
				MACOSX_DEPLOYMENT_TARGET = 10.10;
				PRODUCT_BUNDLE_IDENTIFIER = ck.mac;
				PRODUCT_NAME = "$(TARGET_NAME)";
				SDKROOT = macosx;
				SWIFT_OBJC_BRIDGING_HEADER = "chat/CK-Bridging-Header.h";
			};
			name = Release;
		};
/* End XCBuildConfiguration section */

/* Begin XCConfigurationList section */
		058B29AA1B4731910069C2D4 /* Build configuration list for PBXProject "ClearKeep" */ = {
			isa = XCConfigurationList;
			buildConfigurations = (
				058B29C11B4731910069C2D4 /* Debug */,
				058B29C21B4731910069C2D4 /* Release */,
			);
			defaultConfigurationIsVisible = 0;
			defaultConfigurationName = Release;
		};
		058B29C31B4731910069C2D4 /* Build configuration list for PBXNativeTarget "iOS" */ = {
			isa = XCConfigurationList;
			buildConfigurations = (
				058B29C41B4731910069C2D4 /* Debug */,
				058B29C51B4731910069C2D4 /* Release */,
			);
			defaultConfigurationIsVisible = 0;
			defaultConfigurationName = Release;
		};
		05D390441B56A6E600989EBE /* Build configuration list for PBXNativeTarget "ClearKeep" */ = {
			isa = XCConfigurationList;
			buildConfigurations = (
				05D390421B56A6E600989EBE /* Debug */,
				05D390431B56A6E600989EBE /* Release */,
			);
			defaultConfigurationIsVisible = 0;
			defaultConfigurationName = Release;
		};
/* End XCConfigurationList section */
	};
	rootObject = 058B29A71B4731910069C2D4 /* Project object */;
}
